// !$*UTF8*$!
{
	archiveVersion = 1;
	classes = {
	};
	objectVersion = 56;
	objects = {

/* Begin PBXBuildFile section */
		191D96432BB5113000B2751D /* index.html in Resources */ = {isa = PBXBuildFile; fileRef = 191D96422BB5113000B2751D /* index.html */; };
		195525162BB2A2BE00E93047 /* AppDelegate.swift in Sources */ = {isa = PBXBuildFile; fileRef = 195525152BB2A2BE00E93047 /* AppDelegate.swift */; };
		195525182BB2A2BE00E93047 /* SceneDelegate.swift in Sources */ = {isa = PBXBuildFile; fileRef = 195525172BB2A2BE00E93047 /* SceneDelegate.swift */; };
		1955251A2BB2A2BE00E93047 /* ViewController.swift in Sources */ = {isa = PBXBuildFile; fileRef = 195525192BB2A2BE00E93047 /* ViewController.swift */; };
		1955251F2BB2A2BF00E93047 /* Assets.xcassets in Resources */ = {isa = PBXBuildFile; fileRef = 1955251E2BB2A2BF00E93047 /* Assets.xcassets */; };
		195525222BB2A2BF00E93047 /* Base in Resources */ = {isa = PBXBuildFile; fileRef = 195525212BB2A2BF00E93047 /* Base */; };
		1955252D2BB2A2BF00E93047 /* FCFJsBridgeTests.swift in Sources */ = {isa = PBXBuildFile; fileRef = 1955252C2BB2A2BF00E93047 /* FCFJsBridgeTests.swift */; };
		195525372BB2A2BF00E93047 /* FCFJsBridgeUITests.swift in Sources */ = {isa = PBXBuildFile; fileRef = 195525362BB2A2BF00E93047 /* FCFJsBridgeUITests.swift */; };
		195525392BB2A2BF00E93047 /* FCFJsBridgeUITestsLaunchTests.swift in Sources */ = {isa = PBXBuildFile; fileRef = 195525382BB2A2BF00E93047 /* FCFJsBridgeUITestsLaunchTests.swift */; };
/* End PBXBuildFile section */

/* Begin PBXContainerItemProxy section */
		195525292BB2A2BF00E93047 /* PBXContainerItemProxy */ = {
			isa = PBXContainerItemProxy;
			containerPortal = 1955250A2BB2A2BE00E93047 /* Project object */;
			proxyType = 1;
			remoteGlobalIDString = 195525112BB2A2BE00E93047;
			remoteInfo = FCFJsBridge;
		};
		195525332BB2A2BF00E93047 /* PBXContainerItemProxy */ = {
			isa = PBXContainerItemProxy;
			containerPortal = 1955250A2BB2A2BE00E93047 /* Project object */;
			proxyType = 1;
			remoteGlobalIDString = 195525112BB2A2BE00E93047;
			remoteInfo = FCFJsBridge;
		};
/* End PBXContainerItemProxy section */

/* Begin PBXFileReference section */
		191D96422BB5113000B2751D /* index.html */ = {isa = PBXFileReference; lastKnownFileType = text.html; path = index.html; sourceTree = "<group>"; };
		195525122BB2A2BE00E93047 /* FCFJsBridge.app */ = {isa = PBXFileReference; explicitFileType = wrapper.application; includeInIndex = 0; path = FCFJsBridge.app; sourceTree = BUILT_PRODUCTS_DIR; };
		195525152BB2A2BE00E93047 /* AppDelegate.swift */ = {isa = PBXFileReference; lastKnownFileType = sourcecode.swift; path = AppDelegate.swift; sourceTree = "<group>"; };
		195525172BB2A2BE00E93047 /* SceneDelegate.swift */ = {isa = PBXFileReference; lastKnownFileType = sourcecode.swift; path = SceneDelegate.swift; sourceTree = "<group>"; };
		195525192BB2A2BE00E93047 /* ViewController.swift */ = {isa = PBXFileReference; lastKnownFileType = sourcecode.swift; path = ViewController.swift; sourceTree = "<group>"; };
		1955251E2BB2A2BF00E93047 /* Assets.xcassets */ = {isa = PBXFileReference; lastKnownFileType = folder.assetcatalog; path = Assets.xcassets; sourceTree = "<group>"; };
		195525212BB2A2BF00E93047 /* Base */ = {isa = PBXFileReference; lastKnownFileType = file.storyboard; name = Base; path = Base.lproj/LaunchScreen.storyboard; sourceTree = "<group>"; };
		195525232BB2A2BF00E93047 /* Info.plist */ = {isa = PBXFileReference; lastKnownFileType = text.plist.xml; path = Info.plist; sourceTree = "<group>"; };
		195525282BB2A2BF00E93047 /* FCFJsBridgeTests.xctest */ = {isa = PBXFileReference; explicitFileType = wrapper.cfbundle; includeInIndex = 0; path = FCFJsBridgeTests.xctest; sourceTree = BUILT_PRODUCTS_DIR; };
		1955252C2BB2A2BF00E93047 /* FCFJsBridgeTests.swift */ = {isa = PBXFileReference; lastKnownFileType = sourcecode.swift; path = FCFJsBridgeTests.swift; sourceTree = "<group>"; };
		195525322BB2A2BF00E93047 /* FCFJsBridgeUITests.xctest */ = {isa = PBXFileReference; explicitFileType = wrapper.cfbundle; includeInIndex = 0; path = FCFJsBridgeUITests.xctest; sourceTree = BUILT_PRODUCTS_DIR; };
		195525362BB2A2BF00E93047 /* FCFJsBridgeUITests.swift */ = {isa = PBXFileReference; lastKnownFileType = sourcecode.swift; path = FCFJsBridgeUITests.swift; sourceTree = "<group>"; };
		195525382BB2A2BF00E93047 /* FCFJsBridgeUITestsLaunchTests.swift */ = {isa = PBXFileReference; lastKnownFileType = sourcecode.swift; path = FCFJsBridgeUITestsLaunchTests.swift; sourceTree = "<group>"; };
/* End PBXFileReference section */

/* Begin PBXFrameworksBuildPhase section */
		1955250F2BB2A2BE00E93047 /* Frameworks */ = {
			isa = PBXFrameworksBuildPhase;
			buildActionMask = 2147483647;
			files = (
			);
			runOnlyForDeploymentPostprocessing = 0;
		};
		195525252BB2A2BF00E93047 /* Frameworks */ = {
			isa = PBXFrameworksBuildPhase;
			buildActionMask = 2147483647;
			files = (
			);
			runOnlyForDeploymentPostprocessing = 0;
		};
		1955252F2BB2A2BF00E93047 /* Frameworks */ = {
			isa = PBXFrameworksBuildPhase;
			buildActionMask = 2147483647;
			files = (
			);
			runOnlyForDeploymentPostprocessing = 0;
		};
/* End PBXFrameworksBuildPhase section */

/* Begin PBXGroup section */
		195525092BB2A2BE00E93047 = {
			isa = PBXGroup;
			children = (
				195525142BB2A2BE00E93047 /* FCFJsBridge */,
				1955252B2BB2A2BF00E93047 /* FCFJsBridgeTests */,
				195525352BB2A2BF00E93047 /* FCFJsBridgeUITests */,
				195525132BB2A2BE00E93047 /* Products */,
			);
			sourceTree = "<group>";
		};
		195525132BB2A2BE00E93047 /* Products */ = {
			isa = PBXGroup;
			children = (
				195525122BB2A2BE00E93047 /* FCFJsBridge.app */,
				195525282BB2A2BF00E93047 /* FCFJsBridgeTests.xctest */,
				195525322BB2A2BF00E93047 /* FCFJsBridgeUITests.xctest */,
			);
			name = Products;
			sourceTree = "<group>";
		};
		195525142BB2A2BE00E93047 /* FCFJsBridge */ = {
			isa = PBXGroup;
			children = (
				195525152BB2A2BE00E93047 /* AppDelegate.swift */,
				195525172BB2A2BE00E93047 /* SceneDelegate.swift */,
				195525192BB2A2BE00E93047 /* ViewController.swift */,
				1955251E2BB2A2BF00E93047 /* Assets.xcassets */,
				195525202BB2A2BF00E93047 /* LaunchScreen.storyboard */,
				195525232BB2A2BF00E93047 /* Info.plist */,
				191D96422BB5113000B2751D /* index.html */,
			);
			path = FCFJsBridge;
			sourceTree = "<group>";
		};
		1955252B2BB2A2BF00E93047 /* FCFJsBridgeTests */ = {
			isa = PBXGroup;
			children = (
				1955252C2BB2A2BF00E93047 /* FCFJsBridgeTests.swift */,
			);
			path = FCFJsBridgeTests;
			sourceTree = "<group>";
		};
		195525352BB2A2BF00E93047 /* FCFJsBridgeUITests */ = {
			isa = PBXGroup;
			children = (
				195525362BB2A2BF00E93047 /* FCFJsBridgeUITests.swift */,
				195525382BB2A2BF00E93047 /* FCFJsBridgeUITestsLaunchTests.swift */,
			);
			path = FCFJsBridgeUITests;
			sourceTree = "<group>";
		};
/* End PBXGroup section */

/* Begin PBXNativeTarget section */
		195525112BB2A2BE00E93047 /* FCFJsBridge */ = {
			isa = PBXNativeTarget;
			buildConfigurationList = 1955253C2BB2A2BF00E93047 /* Build configuration list for PBXNativeTarget "FCFJsBridge" */;
			buildPhases = (
				1955250E2BB2A2BE00E93047 /* Sources */,
				1955250F2BB2A2BE00E93047 /* Frameworks */,
				195525102BB2A2BE00E93047 /* Resources */,
			);
			buildRules = (
			);
			dependencies = (
			);
			name = FCFJsBridge;
			productName = FCFJsBridge;
			productReference = 195525122BB2A2BE00E93047 /* FCFJsBridge.app */;
			productType = "com.apple.product-type.application";
		};
		195525272BB2A2BF00E93047 /* FCFJsBridgeTests */ = {
			isa = PBXNativeTarget;
			buildConfigurationList = 1955253F2BB2A2BF00E93047 /* Build configuration list for PBXNativeTarget "FCFJsBridgeTests" */;
			buildPhases = (
				195525242BB2A2BF00E93047 /* Sources */,
				195525252BB2A2BF00E93047 /* Frameworks */,
				195525262BB2A2BF00E93047 /* Resources */,
			);
			buildRules = (
			);
			dependencies = (
				1955252A2BB2A2BF00E93047 /* PBXTargetDependency */,
			);
			name = FCFJsBridgeTests;
			productName = FCFJsBridgeTests;
			productReference = 195525282BB2A2BF00E93047 /* FCFJsBridgeTests.xctest */;
			productType = "com.apple.product-type.bundle.unit-test";
		};
		195525312BB2A2BF00E93047 /* FCFJsBridgeUITests */ = {
			isa = PBXNativeTarget;
			buildConfigurationList = 195525422BB2A2BF00E93047 /* Build configuration list for PBXNativeTarget "FCFJsBridgeUITests" */;
			buildPhases = (
				1955252E2BB2A2BF00E93047 /* Sources */,
				1955252F2BB2A2BF00E93047 /* Frameworks */,
				195525302BB2A2BF00E93047 /* Resources */,
			);
			buildRules = (
			);
			dependencies = (
				195525342BB2A2BF00E93047 /* PBXTargetDependency */,
			);
			name = FCFJsBridgeUITests;
			productName = FCFJsBridgeUITests;
			productReference = 195525322BB2A2BF00E93047 /* FCFJsBridgeUITests.xctest */;
			productType = "com.apple.product-type.bundle.ui-testing";
		};
/* End PBXNativeTarget section */

/* Begin PBXProject section */
		1955250A2BB2A2BE00E93047 /* Project object */ = {
			isa = PBXProject;
			attributes = {
				BuildIndependentTargetsInParallel = 1;
				LastSwiftUpdateCheck = 1530;
				LastUpgradeCheck = 1530;
				TargetAttributes = {
					195525112BB2A2BE00E93047 = {
						CreatedOnToolsVersion = 15.3;
					};
					195525272BB2A2BF00E93047 = {
						CreatedOnToolsVersion = 15.3;
						TestTargetID = 195525112BB2A2BE00E93047;
					};
					195525312BB2A2BF00E93047 = {
						CreatedOnToolsVersion = 15.3;
						TestTargetID = 195525112BB2A2BE00E93047;
					};
				};
			};
			buildConfigurationList = 1955250D2BB2A2BE00E93047 /* Build configuration list for PBXProject "FCFJsBridge" */;
			compatibilityVersion = "Xcode 14.0";
			developmentRegion = en;
			hasScannedForEncodings = 0;
			knownRegions = (
				en,
				Base,
			);
			mainGroup = 195525092BB2A2BE00E93047;
			productRefGroup = 195525132BB2A2BE00E93047 /* Products */;
			projectDirPath = "";
			projectRoot = "";
			targets = (
				195525112BB2A2BE00E93047 /* FCFJsBridge */,
				195525272BB2A2BF00E93047 /* FCFJsBridgeTests */,
				195525312BB2A2BF00E93047 /* FCFJsBridgeUITests */,
			);
		};
/* End PBXProject section */

/* Begin PBXResourcesBuildPhase section */
		195525102BB2A2BE00E93047 /* Resources */ = {
			isa = PBXResourcesBuildPhase;
			buildActionMask = 2147483647;
			files = (
				1955251F2BB2A2BF00E93047 /* Assets.xcassets in Resources */,
				191D96432BB5113000B2751D /* index.html in Resources */,
				195525222BB2A2BF00E93047 /* Base in Resources */,
			);
			runOnlyForDeploymentPostprocessing = 0;
		};
		195525262BB2A2BF00E93047 /* Resources */ = {
			isa = PBXResourcesBuildPhase;
			buildActionMask = 2147483647;
			files = (
			);
			runOnlyForDeploymentPostprocessing = 0;
		};
		195525302BB2A2BF00E93047 /* Resources */ = {
			isa = PBXResourcesBuildPhase;
			buildActionMask = 2147483647;
			files = (
			);
			runOnlyForDeploymentPostprocessing = 0;
		};
/* End PBXResourcesBuildPhase section */

/* Begin PBXSourcesBuildPhase section */
		1955250E2BB2A2BE00E93047 /* Sources */ = {
			isa = PBXSourcesBuildPhase;
			buildActionMask = 2147483647;
			files = (
				1955251A2BB2A2BE00E93047 /* ViewController.swift in Sources */,
				195525162BB2A2BE00E93047 /* AppDelegate.swift in Sources */,
				195525182BB2A2BE00E93047 /* SceneDelegate.swift in Sources */,
			);
			runOnlyForDeploymentPostprocessing = 0;
		};
		195525242BB2A2BF00E93047 /* Sources */ = {
			isa = PBXSourcesBuildPhase;
			buildActionMask = 2147483647;
			files = (
				1955252D2BB2A2BF00E93047 /* FCFJsBridgeTests.swift in Sources */,
			);
			runOnlyForDeploymentPostprocessing = 0;
		};
		1955252E2BB2A2BF00E93047 /* Sources */ = {
			isa = PBXSourcesBuildPhase;
			buildActionMask = 2147483647;
			files = (
				195525392BB2A2BF00E93047 /* FCFJsBridgeUITestsLaunchTests.swift in Sources */,
				195525372BB2A2BF00E93047 /* FCFJsBridgeUITests.swift in Sources */,
			);
			runOnlyForDeploymentPostprocessing = 0;
		};
/* End PBXSourcesBuildPhase section */

/* Begin PBXTargetDependency section */
		1955252A2BB2A2BF00E93047 /* PBXTargetDependency */ = {
			isa = PBXTargetDependency;
			target = 195525112BB2A2BE00E93047 /* FCFJsBridge */;
			targetProxy = 195525292BB2A2BF00E93047 /* PBXContainerItemProxy */;
		};
		195525342BB2A2BF00E93047 /* PBXTargetDependency */ = {
			isa = PBXTargetDependency;
			target = 195525112BB2A2BE00E93047 /* FCFJsBridge */;
			targetProxy = 195525332BB2A2BF00E93047 /* PBXContainerItemProxy */;
		};
/* End PBXTargetDependency section */

/* Begin PBXVariantGroup section */
		195525202BB2A2BF00E93047 /* LaunchScreen.storyboard */ = {
			isa = PBXVariantGroup;
			children = (
				195525212BB2A2BF00E93047 /* Base */,
			);
			name = LaunchScreen.storyboard;
			sourceTree = "<group>";
		};
/* End PBXVariantGroup section */

/* Begin XCBuildConfiguration section */
		1955253A2BB2A2BF00E93047 /* Debug */ = {
			isa = XCBuildConfiguration;
			buildSettings = {
				ALWAYS_SEARCH_USER_PATHS = NO;
				ASSETCATALOG_COMPILER_GENERATE_SWIFT_ASSET_SYMBOL_EXTENSIONS = YES;
				CLANG_ANALYZER_NONNULL = YES;
				CLANG_ANALYZER_NUMBER_OBJECT_CONVERSION = YES_AGGRESSIVE;
				CLANG_CXX_LANGUAGE_STANDARD = "gnu++20";
				CLANG_ENABLE_MODULES = YES;
				CLANG_ENABLE_OBJC_ARC = YES;
				CLANG_ENABLE_OBJC_WEAK = YES;
				CLANG_WARN_BLOCK_CAPTURE_AUTORELEASING = YES;
				CLANG_WARN_BOOL_CONVERSION = YES;
				CLANG_WARN_COMMA = YES;
				CLANG_WARN_CONSTANT_CONVERSION = YES;
				CLANG_WARN_DEPRECATED_OBJC_IMPLEMENTATIONS = YES;
				CLANG_WARN_DIRECT_OBJC_ISA_USAGE = YES_ERROR;
				CLANG_WARN_DOCUMENTATION_COMMENTS = YES;
				CLANG_WARN_EMPTY_BODY = YES;
				CLANG_WARN_ENUM_CONVERSION = YES;
				CLANG_WARN_INFINITE_RECURSION = YES;
				CLANG_WARN_INT_CONVERSION = YES;
				CLANG_WARN_NON_LITERAL_NULL_CONVERSION = YES;
				CLANG_WARN_OBJC_IMPLICIT_RETAIN_SELF = YES;
				CLANG_WARN_OBJC_LITERAL_CONVERSION = YES;
				CLANG_WARN_OBJC_ROOT_CLASS = YES_ERROR;
				CLANG_WARN_QUOTED_INCLUDE_IN_FRAMEWORK_HEADER = YES;
				CLANG_WARN_RANGE_LOOP_ANALYSIS = YES;
				CLANG_WARN_STRICT_PROTOTYPES = YES;
				CLANG_WARN_SUSPICIOUS_MOVE = YES;
				CLANG_WARN_UNGUARDED_AVAILABILITY = YES_AGGRESSIVE;
				CLANG_WARN_UNREACHABLE_CODE = YES;
				CLANG_WARN__DUPLICATE_METHOD_MATCH = YES;
				COPY_PHASE_STRIP = NO;
				DEBUG_INFORMATION_FORMAT = dwarf;
				ENABLE_STRICT_OBJC_MSGSEND = YES;
				ENABLE_TESTABILITY = YES;
				ENABLE_USER_SCRIPT_SANDBOXING = YES;
				GCC_C_LANGUAGE_STANDARD = gnu17;
				GCC_DYNAMIC_NO_PIC = NO;
				GCC_NO_COMMON_BLOCKS = YES;
				GCC_OPTIMIZATION_LEVEL = 0;
				GCC_PREPROCESSOR_DEFINITIONS = (
					"DEBUG=1",
					"$(inherited)",
				);
				GCC_WARN_64_TO_32_BIT_CONVERSION = YES;
				GCC_WARN_ABOUT_RETURN_TYPE = YES_ERROR;
				GCC_WARN_UNDECLARED_SELECTOR = YES;
				GCC_WARN_UNINITIALIZED_AUTOS = YES_AGGRESSIVE;
				GCC_WARN_UNUSED_FUNCTION = YES;
				GCC_WARN_UNUSED_VARIABLE = YES;
				IPHONEOS_DEPLOYMENT_TARGET = 17.4;
				LOCALIZATION_PREFERS_STRING_CATALOGS = YES;
				MTL_ENABLE_DEBUG_INFO = INCLUDE_SOURCE;
				MTL_FAST_MATH = YES;
				ONLY_ACTIVE_ARCH = YES;
				SDKROOT = iphoneos;
				SWIFT_ACTIVE_COMPILATION_CONDITIONS = "DEBUG $(inherited)";
				SWIFT_OPTIMIZATION_LEVEL = "-Onone";
			};
			name = Debug;
		};
		1955253B2BB2A2BF00E93047 /* Release */ = {
			isa = XCBuildConfiguration;
			buildSettings = {
				ALWAYS_SEARCH_USER_PATHS = NO;
				ASSETCATALOG_COMPILER_GENERATE_SWIFT_ASSET_SYMBOL_EXTENSIONS = YES;
				CLANG_ANALYZER_NONNULL = YES;
				CLANG_ANALYZER_NUMBER_OBJECT_CONVERSION = YES_AGGRESSIVE;
				CLANG_CXX_LANGUAGE_STANDARD = "gnu++20";
				CLANG_ENABLE_MODULES = YES;
				CLANG_ENABLE_OBJC_ARC = YES;
				CLANG_ENABLE_OBJC_WEAK = YES;
				CLANG_WARN_BLOCK_CAPTURE_AUTORELEASING = YES;
				CLANG_WARN_BOOL_CONVERSION = YES;
				CLANG_WARN_COMMA = YES;
				CLANG_WARN_CONSTANT_CONVERSION = YES;
				CLANG_WARN_DEPRECATED_OBJC_IMPLEMENTATIONS = YES;
				CLANG_WARN_DIRECT_OBJC_ISA_USAGE = YES_ERROR;
				CLANG_WARN_DOCUMENTATION_COMMENTS = YES;
				CLANG_WARN_EMPTY_BODY = YES;
				CLANG_WARN_ENUM_CONVERSION = YES;
				CLANG_WARN_INFINITE_RECURSION = YES;
				CLANG_WARN_INT_CONVERSION = YES;
				CLANG_WARN_NON_LITERAL_NULL_CONVERSION = YES;
				CLANG_WARN_OBJC_IMPLICIT_RETAIN_SELF = YES;
				CLANG_WARN_OBJC_LITERAL_CONVERSION = YES;
				CLANG_WARN_OBJC_ROOT_CLASS = YES_ERROR;
				CLANG_WARN_QUOTED_INCLUDE_IN_FRAMEWORK_HEADER = YES;
				CLANG_WARN_RANGE_LOOP_ANALYSIS = YES;
				CLANG_WARN_STRICT_PROTOTYPES = YES;
				CLANG_WARN_SUSPICIOUS_MOVE = YES;
				CLANG_WARN_UNGUARDED_AVAILABILITY = YES_AGGRESSIVE;
				CLANG_WARN_UNREACHABLE_CODE = YES;
				CLANG_WARN__DUPLICATE_METHOD_MATCH = YES;
				COPY_PHASE_STRIP = NO;
				DEBUG_INFORMATION_FORMAT = "dwarf-with-dsym";
				ENABLE_NS_ASSERTIONS = NO;
				ENABLE_STRICT_OBJC_MSGSEND = YES;
				ENABLE_USER_SCRIPT_SANDBOXING = YES;
				GCC_C_LANGUAGE_STANDARD = gnu17;
				GCC_NO_COMMON_BLOCKS = YES;
				GCC_WARN_64_TO_32_BIT_CONVERSION = YES;
				GCC_WARN_ABOUT_RETURN_TYPE = YES_ERROR;
				GCC_WARN_UNDECLARED_SELECTOR = YES;
				GCC_WARN_UNINITIALIZED_AUTOS = YES_AGGRESSIVE;
				GCC_WARN_UNUSED_FUNCTION = YES;
				GCC_WARN_UNUSED_VARIABLE = YES;
				IPHONEOS_DEPLOYMENT_TARGET = 17.4;
				LOCALIZATION_PREFERS_STRING_CATALOGS = YES;
				MTL_ENABLE_DEBUG_INFO = NO;
				MTL_FAST_MATH = YES;
				SDKROOT = iphoneos;
				SWIFT_COMPILATION_MODE = wholemodule;
				VALIDATE_PRODUCT = YES;
			};
			name = Release;
		};
		1955253D2BB2A2BF00E93047 /* Debug */ = {
			isa = XCBuildConfiguration;
			buildSettings = {
				ASSETCATALOG_COMPILER_APPICON_NAME = AppIcon;
				ASSETCATALOG_COMPILER_GLOBAL_ACCENT_COLOR_NAME = AccentColor;
				CODE_SIGN_STYLE = Automatic;
				CURRENT_PROJECT_VERSION = 1;
				DEVELOPMENT_TEAM = ADX9ZP8Q93;
				GENERATE_INFOPLIST_FILE = YES;
				INFOPLIST_FILE = FCFJsBridge/Info.plist;
				INFOPLIST_KEY_UIApplicationSupportsIndirectInputEvents = YES;
				INFOPLIST_KEY_UILaunchStoryboardName = LaunchScreen;
				INFOPLIST_KEY_UISupportedInterfaceOrientations_iPad = "UIInterfaceOrientationPortrait UIInterfaceOrientationPortraitUpsideDown UIInterfaceOrientationLandscapeLeft UIInterfaceOrientationLandscapeRight";
				INFOPLIST_KEY_UISupportedInterfaceOrientations_iPhone = "UIInterfaceOrientationPortrait UIInterfaceOrientationLandscapeLeft UIInterfaceOrientationLandscapeRight";
				LD_RUNPATH_SEARCH_PATHS = (
					"$(inherited)",
					"@executable_path/Frameworks",
				);
				MARKETING_VERSION = 1.0;
				PRODUCT_BUNDLE_IDENTIFIER = fcf.com.FCFJsBridge;
				PRODUCT_NAME = "$(TARGET_NAME)";
				SWIFT_EMIT_LOC_STRINGS = YES;
				SWIFT_VERSION = 5.0;
				TARGETED_DEVICE_FAMILY = "1,2";
			};
			name = Debug;
		};
		1955253E2BB2A2BF00E93047 /* Release */ = {
			isa = XCBuildConfiguration;
			buildSettings = {
				ASSETCATALOG_COMPILER_APPICON_NAME = AppIcon;
				ASSETCATALOG_COMPILER_GLOBAL_ACCENT_COLOR_NAME = AccentColor;
				CODE_SIGN_STYLE = Automatic;
				CURRENT_PROJECT_VERSION = 1;
				DEVELOPMENT_TEAM = ADX9ZP8Q93;
				GENERATE_INFOPLIST_FILE = YES;
				INFOPLIST_FILE = FCFJsBridge/Info.plist;
				INFOPLIST_KEY_UIApplicationSupportsIndirectInputEvents = YES;
				INFOPLIST_KEY_UILaunchStoryboardName = LaunchScreen;
				INFOPLIST_KEY_UISupportedInterfaceOrientations_iPad = "UIInterfaceOrientationPortrait UIInterfaceOrientationPortraitUpsideDown UIInterfaceOrientationLandscapeLeft UIInterfaceOrientationLandscapeRight";
				INFOPLIST_KEY_UISupportedInterfaceOrientations_iPhone = "UIInterfaceOrientationPortrait UIInterfaceOrientationLandscapeLeft UIInterfaceOrientationLandscapeRight";
				LD_RUNPATH_SEARCH_PATHS = (
					"$(inherited)",
					"@executable_path/Frameworks",
				);
				MARKETING_VERSION = 1.0;
				PRODUCT_BUNDLE_IDENTIFIER = fcf.com.FCFJsBridge;
				PRODUCT_NAME = "$(TARGET_NAME)";
				SWIFT_EMIT_LOC_STRINGS = YES;
				SWIFT_VERSION = 5.0;
				TARGETED_DEVICE_FAMILY = "1,2";
			};
			name = Release;
		};
		195525402BB2A2BF00E93047 /* Debug */ = {
			isa = XCBuildConfiguration;
			buildSettings = {
				ALWAYS_EMBED_SWIFT_STANDARD_LIBRARIES = YES;
				BUNDLE_LOADER = "$(TEST_HOST)";
				CODE_SIGN_STYLE = Automatic;
				CURRENT_PROJECT_VERSION = 1;
				DEVELOPMENT_TEAM = ADX9ZP8Q93;
				GENERATE_INFOPLIST_FILE = YES;
				IPHONEOS_DEPLOYMENT_TARGET = 17.4;
				MARKETING_VERSION = 1.0;
				PRODUCT_BUNDLE_IDENTIFIER = fcf.com.FCFJsBridgeTests;
				PRODUCT_NAME = "$(TARGET_NAME)";
				SWIFT_EMIT_LOC_STRINGS = NO;
				SWIFT_VERSION = 5.0;
				TARGETED_DEVICE_FAMILY = "1,2";
				TEST_HOST = "$(BUILT_PRODUCTS_DIR)/FCFJsBridge.app/$(BUNDLE_EXECUTABLE_FOLDER_PATH)/FCFJsBridge";
			};
			name = Debug;
		};
		195525412BB2A2BF00E93047 /* Release */ = {
			isa = XCBuildConfiguration;
			buildSettings = {
				ALWAYS_EMBED_SWIFT_STANDARD_LIBRARIES = YES;
				BUNDLE_LOADER = "$(TEST_HOST)";
				CODE_SIGN_STYLE = Automatic;
				CURRENT_PROJECT_VERSION = 1;
				DEVELOPMENT_TEAM = ADX9ZP8Q93;
				GENERATE_INFOPLIST_FILE = YES;
				IPHONEOS_DEPLOYMENT_TARGET = 17.4;
				MARKETING_VERSION = 1.0;
				PRODUCT_BUNDLE_IDENTIFIER = fcf.com.FCFJsBridgeTests;
				PRODUCT_NAME = "$(TARGET_NAME)";
				SWIFT_EMIT_LOC_STRINGS = NO;
				SWIFT_VERSION = 5.0;
				TARGETED_DEVICE_FAMILY = "1,2";
				TEST_HOST = "$(BUILT_PRODUCTS_DIR)/FCFJsBridge.app/$(BUNDLE_EXECUTABLE_FOLDER_PATH)/FCFJsBridge";
			};
			name = Release;
		};
		195525432BB2A2BF00E93047 /* Debug */ = {
			isa = XCBuildConfiguration;
			buildSettings = {
				ALWAYS_EMBED_SWIFT_STANDARD_LIBRARIES = YES;
				CODE_SIGN_STYLE = Automatic;
				CURRENT_PROJECT_VERSION = 1;
				DEVELOPMENT_TEAM = ADX9ZP8Q93;
				GENERATE_INFOPLIST_FILE = YES;
				MARKETING_VERSION = 1.0;
				PRODUCT_BUNDLE_IDENTIFIER = fcf.com.FCFJsBridgeUITests;
				PRODUCT_NAME = "$(TARGET_NAME)";
				SWIFT_EMIT_LOC_STRINGS = NO;
				SWIFT_VERSION = 5.0;
				TARGETED_DEVICE_FAMILY = "1,2";
				TEST_TARGET_NAME = FCFJsBridge;
			};
			name = Debug;
		};
		195525442BB2A2BF00E93047 /* Release */ = {
			isa = XCBuildConfiguration;
			buildSettings = {
				ALWAYS_EMBED_SWIFT_STANDARD_LIBRARIES = YES;
				CODE_SIGN_STYLE = Automatic;
				CURRENT_PROJECT_VERSION = 1;
				DEVELOPMENT_TEAM = ADX9ZP8Q93;
				GENERATE_INFOPLIST_FILE = YES;
				MARKETING_VERSION = 1.0;
				PRODUCT_BUNDLE_IDENTIFIER = fcf.com.FCFJsBridgeUITests;
				PRODUCT_NAME = "$(TARGET_NAME)";
				SWIFT_EMIT_LOC_STRINGS = NO;
				SWIFT_VERSION = 5.0;
				TARGETED_DEVICE_FAMILY = "1,2";
				TEST_TARGET_NAME = FCFJsBridge;
			};
			name = Release;
		};
/* End XCBuildConfiguration section */

/* Begin XCConfigurationList section */
		1955250D2BB2A2BE00E93047 /* Build configuration list for PBXProject "FCFJsBridge" */ = {
			isa = XCConfigurationList;
			buildConfigurations = (
				1955253A2BB2A2BF00E93047 /* Debug */,
				1955253B2BB2A2BF00E93047 /* Release */,
			);
			defaultConfigurationIsVisible = 0;
			defaultConfigurationName = Release;
		};
		1955253C2BB2A2BF00E93047 /* Build configuration list for PBXNativeTarget "FCFJsBridge" */ = {
			isa = XCConfigurationList;
			buildConfigurations = (
				1955253D2BB2A2BF00E93047 /* Debug */,
				1955253E2BB2A2BF00E93047 /* Release */,
			);
			defaultConfigurationIsVisible = 0;
			defaultConfigurationName = Release;
		};
		1955253F2BB2A2BF00E93047 /* Build configuration list for PBXNativeTarget "FCFJsBridgeTests" */ = {
			isa = XCConfigurationList;
			buildConfigurations = (
				195525402BB2A2BF00E93047 /* Debug */,
				195525412BB2A2BF00E93047 /* Release */,
			);
			defaultConfigurationIsVisible = 0;
			defaultConfigurationName = Release;
		};
		195525422BB2A2BF00E93047 /* Build configuration list for PBXNativeTarget "FCFJsBridgeUITests" */ = {
			isa = XCConfigurationList;
			buildConfigurations = (
				195525432BB2A2BF00E93047 /* Debug */,
				195525442BB2A2BF00E93047 /* Release */,
			);
			defaultConfigurationIsVisible = 0;
			defaultConfigurationName = Release;
		};
/* End XCConfigurationList section */
	};
	rootObject = 1955250A2BB2A2BE00E93047 /* Project object */;
}
